// !$*UTF8*$!
{
	archiveVersion = 1;
	classes = {
	};
	objectVersion = 46;
	objects = {

/* Begin PBXBuildFile section */
		9A152D10189626B40013B647 /* ComposeDateTimeCell.m in Sources */ = {isa = PBXBuildFile; fileRef = 9A152D0F189626B40013B647 /* ComposeDateTimeCell.m */; };
		9A152D12189626D30013B647 /* ComposeDateTimeCell.xib in Resources */ = {isa = PBXBuildFile; fileRef = 9A152D11189626D30013B647 /* ComposeDateTimeCell.xib */; };
		9A20BD5418A89F0200B90101 /* SummaryDateTimeCell.m in Sources */ = {isa = PBXBuildFile; fileRef = 9A20BD5318A89F0200B90101 /* SummaryDateTimeCell.m */; };
		9A20BD5718A89F1700B90101 /* ListDateTimeCell.m in Sources */ = {isa = PBXBuildFile; fileRef = 9A20BD5618A89F1700B90101 /* ListDateTimeCell.m */; };
		9A20BD5918A89F2E00B90101 /* SummaryDateTimeCell.xib in Resources */ = {isa = PBXBuildFile; fileRef = 9A20BD5818A89F2E00B90101 /* SummaryDateTimeCell.xib */; };
		9A20BD5B18A89F3E00B90101 /* ListDateTimeCell.xib in Resources */ = {isa = PBXBuildFile; fileRef = 9A20BD5A18A89F3E00B90101 /* ListDateTimeCell.xib */; };
		9A20BD7018A8D1E100B90101 /* Exo2.0-ThinItalic.otf in Resources */ = {isa = PBXBuildFile; fileRef = 9A20BD5E18A8D1E100B90101 /* Exo2.0-ThinItalic.otf */; };
		9A20BD7118A8D1E100B90101 /* Exo2.0-SemiBoldItalic.otf in Resources */ = {isa = PBXBuildFile; fileRef = 9A20BD5F18A8D1E100B90101 /* Exo2.0-SemiBoldItalic.otf */; };
		9A20BD7218A8D1E100B90101 /* Exo2.0-Thin.otf in Resources */ = {isa = PBXBuildFile; fileRef = 9A20BD6018A8D1E100B90101 /* Exo2.0-Thin.otf */; };
		9A20BD7318A8D1E100B90101 /* Exo2.0-Regular.otf in Resources */ = {isa = PBXBuildFile; fileRef = 9A20BD6118A8D1E100B90101 /* Exo2.0-Regular.otf */; };
		9A20BD7418A8D1E100B90101 /* Exo2.0-SemiBold.otf in Resources */ = {isa = PBXBuildFile; fileRef = 9A20BD6218A8D1E100B90101 /* Exo2.0-SemiBold.otf */; };
		9A20BD7518A8D1E100B90101 /* Exo2.0-Medium.otf in Resources */ = {isa = PBXBuildFile; fileRef = 9A20BD6318A8D1E100B90101 /* Exo2.0-Medium.otf */; };
		9A20BD7618A8D1E100B90101 /* Exo2.0-MediumItalic.otf in Resources */ = {isa = PBXBuildFile; fileRef = 9A20BD6418A8D1E100B90101 /* Exo2.0-MediumItalic.otf */; };
		9A20BD7718A8D1E100B90101 /* Exo2.0-Light.otf in Resources */ = {isa = PBXBuildFile; fileRef = 9A20BD6518A8D1E100B90101 /* Exo2.0-Light.otf */; };
		9A20BD7818A8D1E100B90101 /* Exo2.0-LightItalic.otf in Resources */ = {isa = PBXBuildFile; fileRef = 9A20BD6618A8D1E100B90101 /* Exo2.0-LightItalic.otf */; };
		9A20BD7918A8D1E100B90101 /* Exo2.0-ExtraLightItalic.otf in Resources */ = {isa = PBXBuildFile; fileRef = 9A20BD6718A8D1E100B90101 /* Exo2.0-ExtraLightItalic.otf */; };
		9A20BD7A18A8D1E100B90101 /* Exo2.0-Italic.otf in Resources */ = {isa = PBXBuildFile; fileRef = 9A20BD6818A8D1E100B90101 /* Exo2.0-Italic.otf */; };
		9A20BD7B18A8D1E100B90101 /* Exo2.0-ExtraBoldItalic.otf in Resources */ = {isa = PBXBuildFile; fileRef = 9A20BD6918A8D1E100B90101 /* Exo2.0-ExtraBoldItalic.otf */; };
		9A20BD7C18A8D1E100B90101 /* Exo2.0-ExtraLight.otf in Resources */ = {isa = PBXBuildFile; fileRef = 9A20BD6A18A8D1E100B90101 /* Exo2.0-ExtraLight.otf */; };
		9A20BD7D18A8D1E100B90101 /* Exo2.0-BoldItalic.otf in Resources */ = {isa = PBXBuildFile; fileRef = 9A20BD6B18A8D1E100B90101 /* Exo2.0-BoldItalic.otf */; };
		9A20BD7E18A8D1E100B90101 /* Exo2.0-ExtraBold.otf in Resources */ = {isa = PBXBuildFile; fileRef = 9A20BD6C18A8D1E100B90101 /* Exo2.0-ExtraBold.otf */; };
		9A20BD7F18A8D1E100B90101 /* Exo2.0-BlackItalic.otf in Resources */ = {isa = PBXBuildFile; fileRef = 9A20BD6D18A8D1E100B90101 /* Exo2.0-BlackItalic.otf */; };
		9A20BD8018A8D1E100B90101 /* Exo2.0-Bold.otf in Resources */ = {isa = PBXBuildFile; fileRef = 9A20BD6E18A8D1E100B90101 /* Exo2.0-Bold.otf */; };
		9A20BD8118A8D1E100B90101 /* Exo2.0-Black.otf in Resources */ = {isa = PBXBuildFile; fileRef = 9A20BD6F18A8D1E100B90101 /* Exo2.0-Black.otf */; };
		9A4821921898E312002DA0E4 /* MapKit.framework in Frameworks */ = {isa = PBXBuildFile; fileRef = 9A4821911898E312002DA0E4 /* MapKit.framework */; };
		9A5ED7A9189245D000BA8E02 /* Foundation.framework in Frameworks */ = {isa = PBXBuildFile; fileRef = 9A5ED7A8189245D000BA8E02 /* Foundation.framework */; };
		9A5ED7AB189245D000BA8E02 /* CoreGraphics.framework in Frameworks */ = {isa = PBXBuildFile; fileRef = 9A5ED7AA189245D000BA8E02 /* CoreGraphics.framework */; };
		9A5ED7AD189245D000BA8E02 /* UIKit.framework in Frameworks */ = {isa = PBXBuildFile; fileRef = 9A5ED7AC189245D000BA8E02 /* UIKit.framework */; };
		9A5ED7B3189245D000BA8E02 /* InfoPlist.strings in Resources */ = {isa = PBXBuildFile; fileRef = 9A5ED7B1189245D000BA8E02 /* InfoPlist.strings */; };
		9A5ED7B5189245D000BA8E02 /* main.m in Sources */ = {isa = PBXBuildFile; fileRef = 9A5ED7B4189245D000BA8E02 /* main.m */; };
		9A5ED7B9189245D000BA8E02 /* AppDelegate.m in Sources */ = {isa = PBXBuildFile; fileRef = 9A5ED7B8189245D000BA8E02 /* AppDelegate.m */; };
		9A5ED7BB189245D000BA8E02 /* Images.xcassets in Resources */ = {isa = PBXBuildFile; fileRef = 9A5ED7BA189245D000BA8E02 /* Images.xcassets */; };
		9A5ED7C2189245D000BA8E02 /* XCTest.framework in Frameworks */ = {isa = PBXBuildFile; fileRef = 9A5ED7C1189245D000BA8E02 /* XCTest.framework */; };
		9A5ED7C3189245D000BA8E02 /* Foundation.framework in Frameworks */ = {isa = PBXBuildFile; fileRef = 9A5ED7A8189245D000BA8E02 /* Foundation.framework */; };
		9A5ED7C4189245D000BA8E02 /* UIKit.framework in Frameworks */ = {isa = PBXBuildFile; fileRef = 9A5ED7AC189245D000BA8E02 /* UIKit.framework */; };
		9A5ED7CC189245D000BA8E02 /* InfoPlist.strings in Resources */ = {isa = PBXBuildFile; fileRef = 9A5ED7CA189245D000BA8E02 /* InfoPlist.strings */; };
		9A5ED7CE189245D000BA8E02 /* SoCalTests.m in Sources */ = {isa = PBXBuildFile; fileRef = 9A5ED7CD189245D000BA8E02 /* SoCalTests.m */; };
		9A5ED7DA189245F900BA8E02 /* MainVC.m in Sources */ = {isa = PBXBuildFile; fileRef = 9A5ED7D8189245F900BA8E02 /* MainVC.m */; };
		9A5ED7DB189245F900BA8E02 /* MainVC.xib in Resources */ = {isa = PBXBuildFile; fileRef = 9A5ED7D9189245F900BA8E02 /* MainVC.xib */; };
		9A5ED7DF1892471800BA8E02 /* EventVC.m in Sources */ = {isa = PBXBuildFile; fileRef = 9A5ED7DD1892471800BA8E02 /* EventVC.m */; };
		9A5ED7E01892471800BA8E02 /* EventVC.xib in Resources */ = {isa = PBXBuildFile; fileRef = 9A5ED7DE1892471800BA8E02 /* EventVC.xib */; };
		9A5ED7E41892476C00BA8E02 /* ComposeVC.m in Sources */ = {isa = PBXBuildFile; fileRef = 9A5ED7E21892476C00BA8E02 /* ComposeVC.m */; };
		9A5ED7E51892476C00BA8E02 /* ComposeVC.xib in Resources */ = {isa = PBXBuildFile; fileRef = 9A5ED7E31892476C00BA8E02 /* ComposeVC.xib */; };
		9A5ED81A18924F5F00BA8E02 /* MobileCoreServices.framework in Frameworks */ = {isa = PBXBuildFile; fileRef = 9A5ED81918924F5F00BA8E02 /* MobileCoreServices.framework */; };
		9A5ED81C18924F6700BA8E02 /* SystemConfiguration.framework in Frameworks */ = {isa = PBXBuildFile; fileRef = 9A5ED81B18924F6700BA8E02 /* SystemConfiguration.framework */; };
		9A5ED81E18924F6D00BA8E02 /* QuartzCore.framework in Frameworks */ = {isa = PBXBuildFile; fileRef = 9A5ED81D18924F6D00BA8E02 /* QuartzCore.framework */; };
		9A5ED82118924FFB00BA8E02 /* Helpers.m in Sources */ = {isa = PBXBuildFile; fileRef = 9A5ED82018924FFB00BA8E02 /* Helpers.m */; };
		9A5ED825189253F800BA8E02 /* CKCalendarView.m in Sources */ = {isa = PBXBuildFile; fileRef = 9A5ED824189253F800BA8E02 /* CKCalendarView.m */; };
		9AA365B818A1DC59004C0E86 /* NetworkAPIClient.m in Sources */ = {isa = PBXBuildFile; fileRef = 9AA365A318A1DC59004C0E86 /* NetworkAPIClient.m */; };
		9AA365B918A1DC59004C0E86 /* AFHTTPClient.m in Sources */ = {isa = PBXBuildFile; fileRef = 9AA365A618A1DC59004C0E86 /* AFHTTPClient.m */; };
		9AA365BA18A1DC59004C0E86 /* AFHTTPRequestOperation.m in Sources */ = {isa = PBXBuildFile; fileRef = 9AA365A818A1DC59004C0E86 /* AFHTTPRequestOperation.m */; };
		9AA365BB18A1DC59004C0E86 /* AFImageRequestOperation.m in Sources */ = {isa = PBXBuildFile; fileRef = 9AA365AA18A1DC59004C0E86 /* AFImageRequestOperation.m */; };
		9AA365BC18A1DC59004C0E86 /* AFJSONRequestOperation.m in Sources */ = {isa = PBXBuildFile; fileRef = 9AA365AC18A1DC59004C0E86 /* AFJSONRequestOperation.m */; };
		9AA365BD18A1DC59004C0E86 /* AFNetworkActivityIndicatorManager.m in Sources */ = {isa = PBXBuildFile; fileRef = 9AA365AE18A1DC59004C0E86 /* AFNetworkActivityIndicatorManager.m */; };
		9AA365BE18A1DC59004C0E86 /* AFPropertyListRequestOperation.m in Sources */ = {isa = PBXBuildFile; fileRef = 9AA365B118A1DC59004C0E86 /* AFPropertyListRequestOperation.m */; };
		9AA365BF18A1DC59004C0E86 /* AFURLConnectionOperation.m in Sources */ = {isa = PBXBuildFile; fileRef = 9AA365B318A1DC59004C0E86 /* AFURLConnectionOperation.m */; };
		9AA365C018A1DC59004C0E86 /* AFXMLRequestOperation.m in Sources */ = {isa = PBXBuildFile; fileRef = 9AA365B518A1DC59004C0E86 /* AFXMLRequestOperation.m */; };
		9AA365C118A1DC59004C0E86 /* UIImageView+AFNetworking.m in Sources */ = {isa = PBXBuildFile; fileRef = 9AA365B718A1DC59004C0E86 /* UIImageView+AFNetworking.m */; };
		9AA365C418A1DCFE004C0E86 /* Environment.m in Sources */ = {isa = PBXBuildFile; fileRef = 9AA365C218A1DCFE004C0E86 /* Environment.m */; };
		9AA365CD18A20918004C0E86 /* UIBAlertView.m in Sources */ = {isa = PBXBuildFile; fileRef = 9AA365CC18A20918004C0E86 /* UIBAlertView.m */; };
		9AA365D018A20D06004C0E86 /* PlaceSearchCell.m in Sources */ = {isa = PBXBuildFile; fileRef = 9AA365CF18A20D06004C0E86 /* PlaceSearchCell.m */; };
		9AA365D218A20D20004C0E86 /* PlaceSearchCell.xib in Resources */ = {isa = PBXBuildFile; fileRef = 9AA365D118A20D20004C0E86 /* PlaceSearchCell.xib */; };
		9ACDDA1A18A35EBB00FF4F5C /* PostCell.m in Sources */ = {isa = PBXBuildFile; fileRef = 9ACDDA1918A35EBB00FF4F5C /* PostCell.m */; };
		9ACDDA1C18A35ECC00FF4F5C /* PostCell.xib in Resources */ = {isa = PBXBuildFile; fileRef = 9ACDDA1B18A35ECC00FF4F5C /* PostCell.xib */; };
		9ACDDA3718A381AD00FF4F5C /* libPusher-combined.a in Frameworks */ = {isa = PBXBuildFile; fileRef = 9ACDDA2718A381AD00FF4F5C /* libPusher-combined.a */; };
		9ACDDA3918A3824100FF4F5C /* CFNetwork.framework in Frameworks */ = {isa = PBXBuildFile; fileRef = 9ACDDA3818A3824100FF4F5C /* CFNetwork.framework */; };
		9ACDDA3B18A3825400FF4F5C /* Security.framework in Frameworks */ = {isa = PBXBuildFile; fileRef = 9ACDDA3A18A3825400FF4F5C /* Security.framework */; };
		9ACDDA3D18A3827600FF4F5C /* CoreTelephony.framework in Frameworks */ = {isa = PBXBuildFile; fileRef = 9ACDDA3C18A3827600FF4F5C /* CoreTelephony.framework */; };
		9ACDDA3F18A3827C00FF4F5C /* libz.dylib in Frameworks */ = {isa = PBXBuildFile; fileRef = 9ACDDA3E18A3827C00FF4F5C /* libz.dylib */; };
		9ACDDA4118A3828200FF4F5C /* libicucore.dylib in Frameworks */ = {isa = PBXBuildFile; fileRef = 9ACDDA4018A3828200FF4F5C /* libicucore.dylib */; };
		9ACDDA4318A3828E00FF4F5C /* libsqlite3.dylib in Frameworks */ = {isa = PBXBuildFile; fileRef = 9ACDDA4218A3828E00FF4F5C /* libsqlite3.dylib */; };
		9AF7896E18A086AA008EA2E5 /* RDLabeledTextView.m in Sources */ = {isa = PBXBuildFile; fileRef = 9AF7896D18A086AA008EA2E5 /* RDLabeledTextView.m */; };
		9AF7897218A0DDCC008EA2E5 /* LocationVC.m in Sources */ = {isa = PBXBuildFile; fileRef = 9AF7897018A0DDCC008EA2E5 /* LocationVC.m */; };
		9AF7897318A0DDCC008EA2E5 /* LocationVC.xib in Resources */ = {isa = PBXBuildFile; fileRef = 9AF7897118A0DDCC008EA2E5 /* LocationVC.xib */; };
		DC1434C518A4B51D0062AD7A /* RDPieView.m in Sources */ = {isa = PBXBuildFile; fileRef = DC1434C418A4B51D0062AD7A /* RDPieView.m */; };
		DCD74ADE18AB3B8000961BE8 /* AddressBook.framework in Frameworks */ = {isa = PBXBuildFile; fileRef = DCD74ADD18AB3B8000961BE8 /* AddressBook.framework */; };
		DCD74AE018AB3B8A00961BE8 /* AddressBookUI.framework in Frameworks */ = {isa = PBXBuildFile; fileRef = DCD74ADF18AB3B8A00961BE8 /* AddressBookUI.framework */; };
		DCD74AE218AB472300961BE8 /* MessageUI.framework in Frameworks */ = {isa = PBXBuildFile; fileRef = DCD74AE118AB472300961BE8 /* MessageUI.framework */; };
		DCD74AE718AB67E500961BE8 /* ContactCell.xib in Resources */ = {isa = PBXBuildFile; fileRef = DCD74AE618AB67E500961BE8 /* ContactCell.xib */; };
		DCD74AEA18AB680500961BE8 /* ContactCell.m in Sources */ = {isa = PBXBuildFile; fileRef = DCD74AE918AB680500961BE8 /* ContactCell.m */; };
/* End PBXBuildFile section */

/* Begin PBXContainerItemProxy section */
		9A5ED7C5189245D000BA8E02 /* PBXContainerItemProxy */ = {
			isa = PBXContainerItemProxy;
			containerPortal = 9A5ED79D189245D000BA8E02 /* Project object */;
			proxyType = 1;
			remoteGlobalIDString = 9A5ED7A4189245D000BA8E02;
			remoteInfo = SoCal;
		};
/* End PBXContainerItemProxy section */

/* Begin PBXFileReference section */
		9A152D0E189626B40013B647 /* ComposeDateTimeCell.h */ = {isa = PBXFileReference; fileEncoding = 4; lastKnownFileType = sourcecode.c.h; path = ComposeDateTimeCell.h; sourceTree = "<group>"; };
		9A152D0F189626B40013B647 /* ComposeDateTimeCell.m */ = {isa = PBXFileReference; fileEncoding = 4; lastKnownFileType = sourcecode.c.objc; path = ComposeDateTimeCell.m; sourceTree = "<group>"; };
		9A152D11189626D30013B647 /* ComposeDateTimeCell.xib */ = {isa = PBXFileReference; fileEncoding = 4; lastKnownFileType = file.xib; path = ComposeDateTimeCell.xib; sourceTree = "<group>"; };
		9A20BD5218A89F0200B90101 /* SummaryDateTimeCell.h */ = {isa = PBXFileReference; fileEncoding = 4; lastKnownFileType = sourcecode.c.h; path = SummaryDateTimeCell.h; sourceTree = "<group>"; };
		9A20BD5318A89F0200B90101 /* SummaryDateTimeCell.m */ = {isa = PBXFileReference; fileEncoding = 4; lastKnownFileType = sourcecode.c.objc; path = SummaryDateTimeCell.m; sourceTree = "<group>"; };
		9A20BD5518A89F1700B90101 /* ListDateTimeCell.h */ = {isa = PBXFileReference; fileEncoding = 4; lastKnownFileType = sourcecode.c.h; path = ListDateTimeCell.h; sourceTree = "<group>"; };
		9A20BD5618A89F1700B90101 /* ListDateTimeCell.m */ = {isa = PBXFileReference; fileEncoding = 4; lastKnownFileType = sourcecode.c.objc; path = ListDateTimeCell.m; sourceTree = "<group>"; };
		9A20BD5818A89F2E00B90101 /* SummaryDateTimeCell.xib */ = {isa = PBXFileReference; fileEncoding = 4; lastKnownFileType = file.xib; path = SummaryDateTimeCell.xib; sourceTree = "<group>"; };
		9A20BD5A18A89F3E00B90101 /* ListDateTimeCell.xib */ = {isa = PBXFileReference; fileEncoding = 4; lastKnownFileType = file.xib; path = ListDateTimeCell.xib; sourceTree = "<group>"; };
		9A20BD5E18A8D1E100B90101 /* Exo2.0-ThinItalic.otf */ = {isa = PBXFileReference; lastKnownFileType = file; name = "Exo2.0-ThinItalic.otf"; path = "Fonts/exo-2/Exo2.0-ThinItalic.otf"; sourceTree = SOURCE_ROOT; };
		9A20BD5F18A8D1E100B90101 /* Exo2.0-SemiBoldItalic.otf */ = {isa = PBXFileReference; lastKnownFileType = file; name = "Exo2.0-SemiBoldItalic.otf"; path = "Fonts/exo-2/Exo2.0-SemiBoldItalic.otf"; sourceTree = SOURCE_ROOT; };
		9A20BD6018A8D1E100B90101 /* Exo2.0-Thin.otf */ = {isa = PBXFileReference; lastKnownFileType = file; name = "Exo2.0-Thin.otf"; path = "Fonts/exo-2/Exo2.0-Thin.otf"; sourceTree = SOURCE_ROOT; };
		9A20BD6118A8D1E100B90101 /* Exo2.0-Regular.otf */ = {isa = PBXFileReference; lastKnownFileType = file; name = "Exo2.0-Regular.otf"; path = "Fonts/exo-2/Exo2.0-Regular.otf"; sourceTree = SOURCE_ROOT; };
		9A20BD6218A8D1E100B90101 /* Exo2.0-SemiBold.otf */ = {isa = PBXFileReference; lastKnownFileType = file; name = "Exo2.0-SemiBold.otf"; path = "Fonts/exo-2/Exo2.0-SemiBold.otf"; sourceTree = SOURCE_ROOT; };
		9A20BD6318A8D1E100B90101 /* Exo2.0-Medium.otf */ = {isa = PBXFileReference; lastKnownFileType = file; name = "Exo2.0-Medium.otf"; path = "Fonts/exo-2/Exo2.0-Medium.otf"; sourceTree = SOURCE_ROOT; };
		9A20BD6418A8D1E100B90101 /* Exo2.0-MediumItalic.otf */ = {isa = PBXFileReference; lastKnownFileType = file; name = "Exo2.0-MediumItalic.otf"; path = "Fonts/exo-2/Exo2.0-MediumItalic.otf"; sourceTree = SOURCE_ROOT; };
		9A20BD6518A8D1E100B90101 /* Exo2.0-Light.otf */ = {isa = PBXFileReference; lastKnownFileType = file; name = "Exo2.0-Light.otf"; path = "Fonts/exo-2/Exo2.0-Light.otf"; sourceTree = SOURCE_ROOT; };
		9A20BD6618A8D1E100B90101 /* Exo2.0-LightItalic.otf */ = {isa = PBXFileReference; lastKnownFileType = file; name = "Exo2.0-LightItalic.otf"; path = "Fonts/exo-2/Exo2.0-LightItalic.otf"; sourceTree = SOURCE_ROOT; };
		9A20BD6718A8D1E100B90101 /* Exo2.0-ExtraLightItalic.otf */ = {isa = PBXFileReference; lastKnownFileType = file; name = "Exo2.0-ExtraLightItalic.otf"; path = "Fonts/exo-2/Exo2.0-ExtraLightItalic.otf"; sourceTree = SOURCE_ROOT; };
		9A20BD6818A8D1E100B90101 /* Exo2.0-Italic.otf */ = {isa = PBXFileReference; lastKnownFileType = file; name = "Exo2.0-Italic.otf"; path = "Fonts/exo-2/Exo2.0-Italic.otf"; sourceTree = SOURCE_ROOT; };
		9A20BD6918A8D1E100B90101 /* Exo2.0-ExtraBoldItalic.otf */ = {isa = PBXFileReference; lastKnownFileType = file; name = "Exo2.0-ExtraBoldItalic.otf"; path = "Fonts/exo-2/Exo2.0-ExtraBoldItalic.otf"; sourceTree = SOURCE_ROOT; };
		9A20BD6A18A8D1E100B90101 /* Exo2.0-ExtraLight.otf */ = {isa = PBXFileReference; lastKnownFileType = file; name = "Exo2.0-ExtraLight.otf"; path = "Fonts/exo-2/Exo2.0-ExtraLight.otf"; sourceTree = SOURCE_ROOT; };
		9A20BD6B18A8D1E100B90101 /* Exo2.0-BoldItalic.otf */ = {isa = PBXFileReference; lastKnownFileType = file; name = "Exo2.0-BoldItalic.otf"; path = "Fonts/exo-2/Exo2.0-BoldItalic.otf"; sourceTree = SOURCE_ROOT; };
		9A20BD6C18A8D1E100B90101 /* Exo2.0-ExtraBold.otf */ = {isa = PBXFileReference; lastKnownFileType = file; name = "Exo2.0-ExtraBold.otf"; path = "Fonts/exo-2/Exo2.0-ExtraBold.otf"; sourceTree = SOURCE_ROOT; };
		9A20BD6D18A8D1E100B90101 /* Exo2.0-BlackItalic.otf */ = {isa = PBXFileReference; lastKnownFileType = file; name = "Exo2.0-BlackItalic.otf"; path = "Fonts/exo-2/Exo2.0-BlackItalic.otf"; sourceTree = SOURCE_ROOT; };
		9A20BD6E18A8D1E100B90101 /* Exo2.0-Bold.otf */ = {isa = PBXFileReference; lastKnownFileType = file; name = "Exo2.0-Bold.otf"; path = "Fonts/exo-2/Exo2.0-Bold.otf"; sourceTree = SOURCE_ROOT; };
		9A20BD6F18A8D1E100B90101 /* Exo2.0-Black.otf */ = {isa = PBXFileReference; lastKnownFileType = file; name = "Exo2.0-Black.otf"; path = "Fonts/exo-2/Exo2.0-Black.otf"; sourceTree = SOURCE_ROOT; };
		9A4821911898E312002DA0E4 /* MapKit.framework */ = {isa = PBXFileReference; lastKnownFileType = wrapper.framework; name = MapKit.framework; path = System/Library/Frameworks/MapKit.framework; sourceTree = SDKROOT; };
		9A5ED7A5189245D000BA8E02 /* SoCal.app */ = {isa = PBXFileReference; explicitFileType = wrapper.application; includeInIndex = 0; path = SoCal.app; sourceTree = BUILT_PRODUCTS_DIR; };
		9A5ED7A8189245D000BA8E02 /* Foundation.framework */ = {isa = PBXFileReference; lastKnownFileType = wrapper.framework; name = Foundation.framework; path = System/Library/Frameworks/Foundation.framework; sourceTree = SDKROOT; };
		9A5ED7AA189245D000BA8E02 /* CoreGraphics.framework */ = {isa = PBXFileReference; lastKnownFileType = wrapper.framework; name = CoreGraphics.framework; path = System/Library/Frameworks/CoreGraphics.framework; sourceTree = SDKROOT; };
		9A5ED7AC189245D000BA8E02 /* UIKit.framework */ = {isa = PBXFileReference; lastKnownFileType = wrapper.framework; name = UIKit.framework; path = System/Library/Frameworks/UIKit.framework; sourceTree = SDKROOT; };
		9A5ED7B0189245D000BA8E02 /* SoCal-Info.plist */ = {isa = PBXFileReference; lastKnownFileType = text.plist.xml; path = "SoCal-Info.plist"; sourceTree = "<group>"; };
		9A5ED7B2189245D000BA8E02 /* en */ = {isa = PBXFileReference; lastKnownFileType = text.plist.strings; name = en; path = en.lproj/InfoPlist.strings; sourceTree = "<group>"; };
		9A5ED7B4189245D000BA8E02 /* main.m */ = {isa = PBXFileReference; lastKnownFileType = sourcecode.c.objc; path = main.m; sourceTree = "<group>"; };
		9A5ED7B6189245D000BA8E02 /* SoCal-Prefix.pch */ = {isa = PBXFileReference; lastKnownFileType = sourcecode.c.h; path = "SoCal-Prefix.pch"; sourceTree = "<group>"; };
		9A5ED7B7189245D000BA8E02 /* AppDelegate.h */ = {isa = PBXFileReference; lastKnownFileType = sourcecode.c.h; path = AppDelegate.h; sourceTree = "<group>"; };
		9A5ED7B8189245D000BA8E02 /* AppDelegate.m */ = {isa = PBXFileReference; lastKnownFileType = sourcecode.c.objc; path = AppDelegate.m; sourceTree = "<group>"; };
		9A5ED7BA189245D000BA8E02 /* Images.xcassets */ = {isa = PBXFileReference; lastKnownFileType = folder.assetcatalog; path = Images.xcassets; sourceTree = "<group>"; };
		9A5ED7C0189245D000BA8E02 /* SoCalTests.xctest */ = {isa = PBXFileReference; explicitFileType = wrapper.cfbundle; includeInIndex = 0; path = SoCalTests.xctest; sourceTree = BUILT_PRODUCTS_DIR; };
		9A5ED7C1189245D000BA8E02 /* XCTest.framework */ = {isa = PBXFileReference; lastKnownFileType = wrapper.framework; name = XCTest.framework; path = Library/Frameworks/XCTest.framework; sourceTree = DEVELOPER_DIR; };
		9A5ED7C9189245D000BA8E02 /* SoCalTests-Info.plist */ = {isa = PBXFileReference; lastKnownFileType = text.plist.xml; path = "SoCalTests-Info.plist"; sourceTree = "<group>"; };
		9A5ED7CB189245D000BA8E02 /* en */ = {isa = PBXFileReference; lastKnownFileType = text.plist.strings; name = en; path = en.lproj/InfoPlist.strings; sourceTree = "<group>"; };
		9A5ED7CD189245D000BA8E02 /* SoCalTests.m */ = {isa = PBXFileReference; lastKnownFileType = sourcecode.c.objc; path = SoCalTests.m; sourceTree = "<group>"; };
		9A5ED7D7189245F900BA8E02 /* MainVC.h */ = {isa = PBXFileReference; fileEncoding = 4; lastKnownFileType = sourcecode.c.h; path = MainVC.h; sourceTree = "<group>"; };
		9A5ED7D8189245F900BA8E02 /* MainVC.m */ = {isa = PBXFileReference; fileEncoding = 4; lastKnownFileType = sourcecode.c.objc; path = MainVC.m; sourceTree = "<group>"; };
		9A5ED7D9189245F900BA8E02 /* MainVC.xib */ = {isa = PBXFileReference; fileEncoding = 4; lastKnownFileType = file.xib; path = MainVC.xib; sourceTree = "<group>"; };
		9A5ED7DC1892471800BA8E02 /* EventVC.h */ = {isa = PBXFileReference; fileEncoding = 4; lastKnownFileType = sourcecode.c.h; path = EventVC.h; sourceTree = "<group>"; };
		9A5ED7DD1892471800BA8E02 /* EventVC.m */ = {isa = PBXFileReference; fileEncoding = 4; lastKnownFileType = sourcecode.c.objc; path = EventVC.m; sourceTree = "<group>"; };
		9A5ED7DE1892471800BA8E02 /* EventVC.xib */ = {isa = PBXFileReference; fileEncoding = 4; lastKnownFileType = file.xib; path = EventVC.xib; sourceTree = "<group>"; };
		9A5ED7E11892476C00BA8E02 /* ComposeVC.h */ = {isa = PBXFileReference; fileEncoding = 4; lastKnownFileType = sourcecode.c.h; path = ComposeVC.h; sourceTree = "<group>"; };
		9A5ED7E21892476C00BA8E02 /* ComposeVC.m */ = {isa = PBXFileReference; fileEncoding = 4; lastKnownFileType = sourcecode.c.objc; path = ComposeVC.m; sourceTree = "<group>"; };
		9A5ED7E31892476C00BA8E02 /* ComposeVC.xib */ = {isa = PBXFileReference; fileEncoding = 4; lastKnownFileType = file.xib; path = ComposeVC.xib; sourceTree = "<group>"; };
		9A5ED81918924F5F00BA8E02 /* MobileCoreServices.framework */ = {isa = PBXFileReference; lastKnownFileType = wrapper.framework; name = MobileCoreServices.framework; path = System/Library/Frameworks/MobileCoreServices.framework; sourceTree = SDKROOT; };
		9A5ED81B18924F6700BA8E02 /* SystemConfiguration.framework */ = {isa = PBXFileReference; lastKnownFileType = wrapper.framework; name = SystemConfiguration.framework; path = System/Library/Frameworks/SystemConfiguration.framework; sourceTree = SDKROOT; };
		9A5ED81D18924F6D00BA8E02 /* QuartzCore.framework */ = {isa = PBXFileReference; lastKnownFileType = wrapper.framework; name = QuartzCore.framework; path = System/Library/Frameworks/QuartzCore.framework; sourceTree = SDKROOT; };
		9A5ED81F18924FFB00BA8E02 /* Helpers.h */ = {isa = PBXFileReference; fileEncoding = 4; lastKnownFileType = sourcecode.c.h; path = Helpers.h; sourceTree = "<group>"; };
		9A5ED82018924FFB00BA8E02 /* Helpers.m */ = {isa = PBXFileReference; fileEncoding = 4; lastKnownFileType = sourcecode.c.objc; path = Helpers.m; sourceTree = "<group>"; };
		9A5ED823189253F800BA8E02 /* CKCalendarView.h */ = {isa = PBXFileReference; fileEncoding = 4; lastKnownFileType = sourcecode.c.h; path = CKCalendarView.h; sourceTree = "<group>"; };
		9A5ED824189253F800BA8E02 /* CKCalendarView.m */ = {isa = PBXFileReference; fileEncoding = 4; lastKnownFileType = sourcecode.c.objc; path = CKCalendarView.m; sourceTree = "<group>"; };
		9AA365A218A1DC59004C0E86 /* NetworkAPIClient.h */ = {isa = PBXFileReference; fileEncoding = 4; lastKnownFileType = sourcecode.c.h; path = NetworkAPIClient.h; sourceTree = "<group>"; };
		9AA365A318A1DC59004C0E86 /* NetworkAPIClient.m */ = {isa = PBXFileReference; fileEncoding = 4; lastKnownFileType = sourcecode.c.objc; path = NetworkAPIClient.m; sourceTree = "<group>"; };
		9AA365A518A1DC59004C0E86 /* AFHTTPClient.h */ = {isa = PBXFileReference; fileEncoding = 4; lastKnownFileType = sourcecode.c.h; path = AFHTTPClient.h; sourceTree = "<group>"; };
		9AA365A618A1DC59004C0E86 /* AFHTTPClient.m */ = {isa = PBXFileReference; fileEncoding = 4; lastKnownFileType = sourcecode.c.objc; path = AFHTTPClient.m; sourceTree = "<group>"; };
		9AA365A718A1DC59004C0E86 /* AFHTTPRequestOperation.h */ = {isa = PBXFileReference; fileEncoding = 4; lastKnownFileType = sourcecode.c.h; path = AFHTTPRequestOperation.h; sourceTree = "<group>"; };
		9AA365A818A1DC59004C0E86 /* AFHTTPRequestOperation.m */ = {isa = PBXFileReference; fileEncoding = 4; lastKnownFileType = sourcecode.c.objc; path = AFHTTPRequestOperation.m; sourceTree = "<group>"; };
		9AA365A918A1DC59004C0E86 /* AFImageRequestOperation.h */ = {isa = PBXFileReference; fileEncoding = 4; lastKnownFileType = sourcecode.c.h; path = AFImageRequestOperation.h; sourceTree = "<group>"; };
		9AA365AA18A1DC59004C0E86 /* AFImageRequestOperation.m */ = {isa = PBXFileReference; fileEncoding = 4; lastKnownFileType = sourcecode.c.objc; path = AFImageRequestOperation.m; sourceTree = "<group>"; };
		9AA365AB18A1DC59004C0E86 /* AFJSONRequestOperation.h */ = {isa = PBXFileReference; fileEncoding = 4; lastKnownFileType = sourcecode.c.h; path = AFJSONRequestOperation.h; sourceTree = "<group>"; };
		9AA365AC18A1DC59004C0E86 /* AFJSONRequestOperation.m */ = {isa = PBXFileReference; fileEncoding = 4; lastKnownFileType = sourcecode.c.objc; path = AFJSONRequestOperation.m; sourceTree = "<group>"; };
		9AA365AD18A1DC59004C0E86 /* AFNetworkActivityIndicatorManager.h */ = {isa = PBXFileReference; fileEncoding = 4; lastKnownFileType = sourcecode.c.h; path = AFNetworkActivityIndicatorManager.h; sourceTree = "<group>"; };
		9AA365AE18A1DC59004C0E86 /* AFNetworkActivityIndicatorManager.m */ = {isa = PBXFileReference; fileEncoding = 4; lastKnownFileType = sourcecode.c.objc; path = AFNetworkActivityIndicatorManager.m; sourceTree = "<group>"; };
		9AA365AF18A1DC59004C0E86 /* AFNetworking.h */ = {isa = PBXFileReference; fileEncoding = 4; lastKnownFileType = sourcecode.c.h; path = AFNetworking.h; sourceTree = "<group>"; };
		9AA365B018A1DC59004C0E86 /* AFPropertyListRequestOperation.h */ = {isa = PBXFileReference; fileEncoding = 4; lastKnownFileType = sourcecode.c.h; path = AFPropertyListRequestOperation.h; sourceTree = "<group>"; };
		9AA365B118A1DC59004C0E86 /* AFPropertyListRequestOperation.m */ = {isa = PBXFileReference; fileEncoding = 4; lastKnownFileType = sourcecode.c.objc; path = AFPropertyListRequestOperation.m; sourceTree = "<group>"; };
		9AA365B218A1DC59004C0E86 /* AFURLConnectionOperation.h */ = {isa = PBXFileReference; fileEncoding = 4; lastKnownFileType = sourcecode.c.h; path = AFURLConnectionOperation.h; sourceTree = "<group>"; };
		9AA365B318A1DC59004C0E86 /* AFURLConnectionOperation.m */ = {isa = PBXFileReference; fileEncoding = 4; lastKnownFileType = sourcecode.c.objc; path = AFURLConnectionOperation.m; sourceTree = "<group>"; };
		9AA365B418A1DC59004C0E86 /* AFXMLRequestOperation.h */ = {isa = PBXFileReference; fileEncoding = 4; lastKnownFileType = sourcecode.c.h; path = AFXMLRequestOperation.h; sourceTree = "<group>"; };
		9AA365B518A1DC59004C0E86 /* AFXMLRequestOperation.m */ = {isa = PBXFileReference; fileEncoding = 4; lastKnownFileType = sourcecode.c.objc; path = AFXMLRequestOperation.m; sourceTree = "<group>"; };
		9AA365B618A1DC59004C0E86 /* UIImageView+AFNetworking.h */ = {isa = PBXFileReference; fileEncoding = 4; lastKnownFileType = sourcecode.c.h; path = "UIImageView+AFNetworking.h"; sourceTree = "<group>"; };
		9AA365B718A1DC59004C0E86 /* UIImageView+AFNetworking.m */ = {isa = PBXFileReference; fileEncoding = 4; lastKnownFileType = sourcecode.c.objc; path = "UIImageView+AFNetworking.m"; sourceTree = "<group>"; };
		9AA365C218A1DCFE004C0E86 /* Environment.m */ = {isa = PBXFileReference; fileEncoding = 4; lastKnownFileType = sourcecode.c.objc; name = Environment.m; path = SoCal/Environment.m; sourceTree = SOURCE_ROOT; };
		9AA365C318A1DCFE004C0E86 /* Environment.h */ = {isa = PBXFileReference; fileEncoding = 4; lastKnownFileType = sourcecode.c.h; name = Environment.h; path = SoCal/Environment.h; sourceTree = SOURCE_ROOT; };
		9AA365CB18A20918004C0E86 /* UIBAlertView.h */ = {isa = PBXFileReference; fileEncoding = 4; lastKnownFileType = sourcecode.c.h; path = UIBAlertView.h; sourceTree = "<group>"; };
		9AA365CC18A20918004C0E86 /* UIBAlertView.m */ = {isa = PBXFileReference; fileEncoding = 4; lastKnownFileType = sourcecode.c.objc; path = UIBAlertView.m; sourceTree = "<group>"; };
		9AA365CE18A20D06004C0E86 /* PlaceSearchCell.h */ = {isa = PBXFileReference; fileEncoding = 4; lastKnownFileType = sourcecode.c.h; path = PlaceSearchCell.h; sourceTree = "<group>"; };
		9AA365CF18A20D06004C0E86 /* PlaceSearchCell.m */ = {isa = PBXFileReference; fileEncoding = 4; lastKnownFileType = sourcecode.c.objc; path = PlaceSearchCell.m; sourceTree = "<group>"; };
		9AA365D118A20D20004C0E86 /* PlaceSearchCell.xib */ = {isa = PBXFileReference; fileEncoding = 4; lastKnownFileType = file.xib; path = PlaceSearchCell.xib; sourceTree = "<group>"; };
		9ACDDA1818A35EBB00FF4F5C /* PostCell.h */ = {isa = PBXFileReference; fileEncoding = 4; lastKnownFileType = sourcecode.c.h; path = PostCell.h; sourceTree = "<group>"; };
		9ACDDA1918A35EBB00FF4F5C /* PostCell.m */ = {isa = PBXFileReference; fileEncoding = 4; lastKnownFileType = sourcecode.c.objc; path = PostCell.m; sourceTree = "<group>"; };
		9ACDDA1B18A35ECC00FF4F5C /* PostCell.xib */ = {isa = PBXFileReference; fileEncoding = 4; lastKnownFileType = file.xib; path = PostCell.xib; sourceTree = "<group>"; };
		9ACDDA2718A381AD00FF4F5C /* libPusher-combined.a */ = {isa = PBXFileReference; lastKnownFileType = archive.ar; path = "libPusher-combined.a"; sourceTree = "<group>"; };
		9ACDDA2818A381AD00FF4F5C /* PTEventListener.h */ = {isa = PBXFileReference; fileEncoding = 4; lastKnownFileType = sourcecode.c.h; path = PTEventListener.h; sourceTree = "<group>"; };
		9ACDDA2918A381AD00FF4F5C /* PTJSON.h */ = {isa = PBXFileReference; fileEncoding = 4; lastKnownFileType = sourcecode.c.h; path = PTJSON.h; sourceTree = "<group>"; };
		9ACDDA2A18A381AD00FF4F5C /* PTJSONParser.h */ = {isa = PBXFileReference; fileEncoding = 4; lastKnownFileType = sourcecode.c.h; path = PTJSONParser.h; sourceTree = "<group>"; };
		9ACDDA2B18A381AD00FF4F5C /* PTPusher.h */ = {isa = PBXFileReference; fileEncoding = 4; lastKnownFileType = sourcecode.c.h; path = PTPusher.h; sourceTree = "<group>"; };
		9ACDDA2C18A381AD00FF4F5C /* PTPusherAPI.h */ = {isa = PBXFileReference; fileEncoding = 4; lastKnownFileType = sourcecode.c.h; path = PTPusherAPI.h; sourceTree = "<group>"; };
		9ACDDA2D18A381AD00FF4F5C /* PTPusherChannel.h */ = {isa = PBXFileReference; fileEncoding = 4; lastKnownFileType = sourcecode.c.h; path = PTPusherChannel.h; sourceTree = "<group>"; };
		9ACDDA2E18A381AD00FF4F5C /* PTPusherConnection.h */ = {isa = PBXFileReference; fileEncoding = 4; lastKnownFileType = sourcecode.c.h; path = PTPusherConnection.h; sourceTree = "<group>"; };
		9ACDDA2F18A381AD00FF4F5C /* PTPusherDelegate.h */ = {isa = PBXFileReference; fileEncoding = 4; lastKnownFileType = sourcecode.c.h; path = PTPusherDelegate.h; sourceTree = "<group>"; };
		9ACDDA3018A381AD00FF4F5C /* PTPusherErrors.h */ = {isa = PBXFileReference; fileEncoding = 4; lastKnownFileType = sourcecode.c.h; path = PTPusherErrors.h; sourceTree = "<group>"; };
		9ACDDA3118A381AD00FF4F5C /* PTPusherEvent.h */ = {isa = PBXFileReference; fileEncoding = 4; lastKnownFileType = sourcecode.c.h; path = PTPusherEvent.h; sourceTree = "<group>"; };
		9ACDDA3218A381AD00FF4F5C /* PTPusherEventDispatcher.h */ = {isa = PBXFileReference; fileEncoding = 4; lastKnownFileType = sourcecode.c.h; path = PTPusherEventDispatcher.h; sourceTree = "<group>"; };
		9ACDDA3318A381AD00FF4F5C /* PTPusherEventPublisher.h */ = {isa = PBXFileReference; fileEncoding = 4; lastKnownFileType = sourcecode.c.h; path = PTPusherEventPublisher.h; sourceTree = "<group>"; };
		9ACDDA3418A381AD00FF4F5C /* PTPusherMacros.h */ = {isa = PBXFileReference; fileEncoding = 4; lastKnownFileType = sourcecode.c.h; path = PTPusherMacros.h; sourceTree = "<group>"; };
		9ACDDA3518A381AD00FF4F5C /* PTPusherPresenceChannelDelegate.h */ = {isa = PBXFileReference; fileEncoding = 4; lastKnownFileType = sourcecode.c.h; path = PTPusherPresenceChannelDelegate.h; sourceTree = "<group>"; };
		9ACDDA3618A381AD00FF4F5C /* SRWebSocket.h */ = {isa = PBXFileReference; fileEncoding = 4; lastKnownFileType = sourcecode.c.h; path = SRWebSocket.h; sourceTree = "<group>"; };
		9ACDDA3818A3824100FF4F5C /* CFNetwork.framework */ = {isa = PBXFileReference; lastKnownFileType = wrapper.framework; name = CFNetwork.framework; path = System/Library/Frameworks/CFNetwork.framework; sourceTree = SDKROOT; };
		9ACDDA3A18A3825400FF4F5C /* Security.framework */ = {isa = PBXFileReference; lastKnownFileType = wrapper.framework; name = Security.framework; path = System/Library/Frameworks/Security.framework; sourceTree = SDKROOT; };
		9ACDDA3C18A3827600FF4F5C /* CoreTelephony.framework */ = {isa = PBXFileReference; lastKnownFileType = wrapper.framework; name = CoreTelephony.framework; path = System/Library/Frameworks/CoreTelephony.framework; sourceTree = SDKROOT; };
		9ACDDA3E18A3827C00FF4F5C /* libz.dylib */ = {isa = PBXFileReference; lastKnownFileType = "compiled.mach-o.dylib"; name = libz.dylib; path = usr/lib/libz.dylib; sourceTree = SDKROOT; };
		9ACDDA4018A3828200FF4F5C /* libicucore.dylib */ = {isa = PBXFileReference; lastKnownFileType = "compiled.mach-o.dylib"; name = libicucore.dylib; path = usr/lib/libicucore.dylib; sourceTree = SDKROOT; };
		9ACDDA4218A3828E00FF4F5C /* libsqlite3.dylib */ = {isa = PBXFileReference; lastKnownFileType = "compiled.mach-o.dylib"; name = libsqlite3.dylib; path = usr/lib/libsqlite3.dylib; sourceTree = SDKROOT; };
		9AF7896C18A086AA008EA2E5 /* RDLabeledTextView.h */ = {isa = PBXFileReference; fileEncoding = 4; lastKnownFileType = sourcecode.c.h; path = RDLabeledTextView.h; sourceTree = "<group>"; };
		9AF7896D18A086AA008EA2E5 /* RDLabeledTextView.m */ = {isa = PBXFileReference; fileEncoding = 4; lastKnownFileType = sourcecode.c.objc; path = RDLabeledTextView.m; sourceTree = "<group>"; };
		9AF7896F18A0DDCC008EA2E5 /* LocationVC.h */ = {isa = PBXFileReference; fileEncoding = 4; lastKnownFileType = sourcecode.c.h; path = LocationVC.h; sourceTree = "<group>"; };
		9AF7897018A0DDCC008EA2E5 /* LocationVC.m */ = {isa = PBXFileReference; fileEncoding = 4; lastKnownFileType = sourcecode.c.objc; path = LocationVC.m; sourceTree = "<group>"; };
		9AF7897118A0DDCC008EA2E5 /* LocationVC.xib */ = {isa = PBXFileReference; fileEncoding = 4; lastKnownFileType = file.xib; path = LocationVC.xib; sourceTree = "<group>"; };
		DC1434C318A4B51D0062AD7A /* RDPieView.h */ = {isa = PBXFileReference; fileEncoding = 4; lastKnownFileType = sourcecode.c.h; path = RDPieView.h; sourceTree = "<group>"; };
		DC1434C418A4B51D0062AD7A /* RDPieView.m */ = {isa = PBXFileReference; fileEncoding = 4; lastKnownFileType = sourcecode.c.objc; path = RDPieView.m; sourceTree = "<group>"; };
		DCD74ADD18AB3B8000961BE8 /* AddressBook.framework */ = {isa = PBXFileReference; lastKnownFileType = wrapper.framework; name = AddressBook.framework; path = System/Library/Frameworks/AddressBook.framework; sourceTree = SDKROOT; };
		DCD74ADF18AB3B8A00961BE8 /* AddressBookUI.framework */ = {isa = PBXFileReference; lastKnownFileType = wrapper.framework; name = AddressBookUI.framework; path = System/Library/Frameworks/AddressBookUI.framework; sourceTree = SDKROOT; };
		DCD74AE118AB472300961BE8 /* MessageUI.framework */ = {isa = PBXFileReference; lastKnownFileType = wrapper.framework; name = MessageUI.framework; path = System/Library/Frameworks/MessageUI.framework; sourceTree = SDKROOT; };
		DCD74AE618AB67E500961BE8 /* ContactCell.xib */ = {isa = PBXFileReference; fileEncoding = 4; lastKnownFileType = file.xib; path = ContactCell.xib; sourceTree = "<group>"; };
		DCD74AE818AB680500961BE8 /* ContactCell.h */ = {isa = PBXFileReference; fileEncoding = 4; lastKnownFileType = sourcecode.c.h; path = ContactCell.h; sourceTree = "<group>"; };
		DCD74AE918AB680500961BE8 /* ContactCell.m */ = {isa = PBXFileReference; fileEncoding = 4; lastKnownFileType = sourcecode.c.objc; path = ContactCell.m; sourceTree = "<group>"; };
/* End PBXFileReference section */

/* Begin PBXFrameworksBuildPhase section */
		9A5ED7A2189245D000BA8E02 /* Frameworks */ = {
			isa = PBXFrameworksBuildPhase;
			buildActionMask = 2147483647;
			files = (
				DCD74AE218AB472300961BE8 /* MessageUI.framework in Frameworks */,
				DCD74AE018AB3B8A00961BE8 /* AddressBookUI.framework in Frameworks */,
				DCD74ADE18AB3B8000961BE8 /* AddressBook.framework in Frameworks */,
				9ACDDA4318A3828E00FF4F5C /* libsqlite3.dylib in Frameworks */,
				9ACDDA4118A3828200FF4F5C /* libicucore.dylib in Frameworks */,
				9ACDDA3F18A3827C00FF4F5C /* libz.dylib in Frameworks */,
				9ACDDA3D18A3827600FF4F5C /* CoreTelephony.framework in Frameworks */,
				9ACDDA3B18A3825400FF4F5C /* Security.framework in Frameworks */,
				9ACDDA3918A3824100FF4F5C /* CFNetwork.framework in Frameworks */,
				9A4821921898E312002DA0E4 /* MapKit.framework in Frameworks */,
				9A5ED81E18924F6D00BA8E02 /* QuartzCore.framework in Frameworks */,
				9A5ED81C18924F6700BA8E02 /* SystemConfiguration.framework in Frameworks */,
				9A5ED81A18924F5F00BA8E02 /* MobileCoreServices.framework in Frameworks */,
				9A5ED7AB189245D000BA8E02 /* CoreGraphics.framework in Frameworks */,
				9A5ED7AD189245D000BA8E02 /* UIKit.framework in Frameworks */,
				9A5ED7A9189245D000BA8E02 /* Foundation.framework in Frameworks */,
				9ACDDA3718A381AD00FF4F5C /* libPusher-combined.a in Frameworks */,
			);
			runOnlyForDeploymentPostprocessing = 0;
		};
		9A5ED7BD189245D000BA8E02 /* Frameworks */ = {
			isa = PBXFrameworksBuildPhase;
			buildActionMask = 2147483647;
			files = (
				9A5ED7C2189245D000BA8E02 /* XCTest.framework in Frameworks */,
				9A5ED7C4189245D000BA8E02 /* UIKit.framework in Frameworks */,
				9A5ED7C3189245D000BA8E02 /* Foundation.framework in Frameworks */,
			);
			runOnlyForDeploymentPostprocessing = 0;
		};
/* End PBXFrameworksBuildPhase section */

/* Begin PBXGroup section */
		9A20BD5C18A8D04B00B90101 /* Fonts */ = {
			isa = PBXGroup;
			children = (
				9A20BD5D18A8D1CE00B90101 /* Exo2.0 */,
			);
			name = Fonts;
			sourceTree = "<group>";
		};
		9A20BD5D18A8D1CE00B90101 /* Exo2.0 */ = {
			isa = PBXGroup;
			children = (
				9A20BD5E18A8D1E100B90101 /* Exo2.0-ThinItalic.otf */,
				9A20BD5F18A8D1E100B90101 /* Exo2.0-SemiBoldItalic.otf */,
				9A20BD6018A8D1E100B90101 /* Exo2.0-Thin.otf */,
				9A20BD6118A8D1E100B90101 /* Exo2.0-Regular.otf */,
				9A20BD6218A8D1E100B90101 /* Exo2.0-SemiBold.otf */,
				9A20BD6318A8D1E100B90101 /* Exo2.0-Medium.otf */,
				9A20BD6418A8D1E100B90101 /* Exo2.0-MediumItalic.otf */,
				9A20BD6518A8D1E100B90101 /* Exo2.0-Light.otf */,
				9A20BD6618A8D1E100B90101 /* Exo2.0-LightItalic.otf */,
				9A20BD6718A8D1E100B90101 /* Exo2.0-ExtraLightItalic.otf */,
				9A20BD6818A8D1E100B90101 /* Exo2.0-Italic.otf */,
				9A20BD6918A8D1E100B90101 /* Exo2.0-ExtraBoldItalic.otf */,
				9A20BD6A18A8D1E100B90101 /* Exo2.0-ExtraLight.otf */,
				9A20BD6B18A8D1E100B90101 /* Exo2.0-BoldItalic.otf */,
				9A20BD6C18A8D1E100B90101 /* Exo2.0-ExtraBold.otf */,
				9A20BD6D18A8D1E100B90101 /* Exo2.0-BlackItalic.otf */,
				9A20BD6E18A8D1E100B90101 /* Exo2.0-Bold.otf */,
				9A20BD6F18A8D1E100B90101 /* Exo2.0-Black.otf */,
			);
			name = Exo2.0;
			sourceTree = "<group>";
		};
		9A5ED79C189245D000BA8E02 = {
			isa = PBXGroup;
			children = (
				9A5ED7E618924E3E00BA8E02 /* Externals */,
				9A5ED7AE189245D000BA8E02 /* SoCal */,
				9A5ED7C7189245D000BA8E02 /* SoCalTests */,
				9A5ED7A7189245D000BA8E02 /* Frameworks */,
				9A5ED7A6189245D000BA8E02 /* Products */,
			);
			sourceTree = "<group>";
		};
		9A5ED7A6189245D000BA8E02 /* Products */ = {
			isa = PBXGroup;
			children = (
				9A5ED7A5189245D000BA8E02 /* SoCal.app */,
				9A5ED7C0189245D000BA8E02 /* SoCalTests.xctest */,
			);
			name = Products;
			sourceTree = "<group>";
		};
		9A5ED7A7189245D000BA8E02 /* Frameworks */ = {
			isa = PBXGroup;
			children = (
				DCD74AE118AB472300961BE8 /* MessageUI.framework */,
				DCD74ADF18AB3B8A00961BE8 /* AddressBookUI.framework */,
				DCD74ADD18AB3B8000961BE8 /* AddressBook.framework */,
				9ACDDA4218A3828E00FF4F5C /* libsqlite3.dylib */,
				9ACDDA4018A3828200FF4F5C /* libicucore.dylib */,
				9ACDDA3E18A3827C00FF4F5C /* libz.dylib */,
				9ACDDA3C18A3827600FF4F5C /* CoreTelephony.framework */,
				9ACDDA3A18A3825400FF4F5C /* Security.framework */,
				9ACDDA3818A3824100FF4F5C /* CFNetwork.framework */,
				9A4821911898E312002DA0E4 /* MapKit.framework */,
				9A5ED81D18924F6D00BA8E02 /* QuartzCore.framework */,
				9A5ED81B18924F6700BA8E02 /* SystemConfiguration.framework */,
				9A5ED81918924F5F00BA8E02 /* MobileCoreServices.framework */,
				9A5ED7A8189245D000BA8E02 /* Foundation.framework */,
				9A5ED7AA189245D000BA8E02 /* CoreGraphics.framework */,
				9A5ED7AC189245D000BA8E02 /* UIKit.framework */,
				9A5ED7C1189245D000BA8E02 /* XCTest.framework */,
			);
			name = Frameworks;
			sourceTree = "<group>";
		};
		9A5ED7AE189245D000BA8E02 /* SoCal */ = {
			isa = PBXGroup;
			children = (
				DCD74AE818AB680500961BE8 /* ContactCell.h */,
				DCD74AE918AB680500961BE8 /* ContactCell.m */,
				DCD74AE618AB67E500961BE8 /* ContactCell.xib */,
				9A5ED7B7189245D000BA8E02 /* AppDelegate.h */,
				9A5ED7B8189245D000BA8E02 /* AppDelegate.m */,
				9A152D0E189626B40013B647 /* ComposeDateTimeCell.h */,
				9A152D0F189626B40013B647 /* ComposeDateTimeCell.m */,
				9A152D11189626D30013B647 /* ComposeDateTimeCell.xib */,
				9A5ED7E11892476C00BA8E02 /* ComposeVC.h */,
				9A5ED7E21892476C00BA8E02 /* ComposeVC.m */,
				9A5ED7E31892476C00BA8E02 /* ComposeVC.xib */,
				9AA365C318A1DCFE004C0E86 /* Environment.h */,
				9AA365C218A1DCFE004C0E86 /* Environment.m */,
				9A5ED7DC1892471800BA8E02 /* EventVC.h */,
				9A5ED7DD1892471800BA8E02 /* EventVC.m */,
				9A5ED7DE1892471800BA8E02 /* EventVC.xib */,
				9A5ED81F18924FFB00BA8E02 /* Helpers.h */,
				9A5ED82018924FFB00BA8E02 /* Helpers.m */,
				9A20BD5518A89F1700B90101 /* ListDateTimeCell.h */,
				9A20BD5618A89F1700B90101 /* ListDateTimeCell.m */,
				9A20BD5A18A89F3E00B90101 /* ListDateTimeCell.xib */,
				9AF7896F18A0DDCC008EA2E5 /* LocationVC.h */,
				9AF7897018A0DDCC008EA2E5 /* LocationVC.m */,
				9AF7897118A0DDCC008EA2E5 /* LocationVC.xib */,
				9A5ED7D7189245F900BA8E02 /* MainVC.h */,
				9A5ED7D8189245F900BA8E02 /* MainVC.m */,
				9A5ED7D9189245F900BA8E02 /* MainVC.xib */,
				9AA365CE18A20D06004C0E86 /* PlaceSearchCell.h */,
				9AA365CF18A20D06004C0E86 /* PlaceSearchCell.m */,
				9AA365D118A20D20004C0E86 /* PlaceSearchCell.xib */,
				9ACDDA1818A35EBB00FF4F5C /* PostCell.h */,
				9ACDDA1918A35EBB00FF4F5C /* PostCell.m */,
				9ACDDA1B18A35ECC00FF4F5C /* PostCell.xib */,
				9AF7896C18A086AA008EA2E5 /* RDLabeledTextView.h */,
				9AF7896D18A086AA008EA2E5 /* RDLabeledTextView.m */,
				DC1434C318A4B51D0062AD7A /* RDPieView.h */,
				DC1434C418A4B51D0062AD7A /* RDPieView.m */,
				9A20BD5218A89F0200B90101 /* SummaryDateTimeCell.h */,
				9A20BD5318A89F0200B90101 /* SummaryDateTimeCell.m */,
				9A20BD5818A89F2E00B90101 /* SummaryDateTimeCell.xib */,
				9A5ED7BA189245D000BA8E02 /* Images.xcassets */,
				9A5ED7AF189245D000BA8E02 /* Supporting Files */,
			);
			path = SoCal;
			sourceTree = "<group>";
		};
		9A5ED7AF189245D000BA8E02 /* Supporting Files */ = {
			isa = PBXGroup;
			children = (
				9A20BD5C18A8D04B00B90101 /* Fonts */,
				9A5ED7B0189245D000BA8E02 /* SoCal-Info.plist */,
				9A5ED7B1189245D000BA8E02 /* InfoPlist.strings */,
				9A5ED7B4189245D000BA8E02 /* main.m */,
				9A5ED7B6189245D000BA8E02 /* SoCal-Prefix.pch */,
			);
			name = "Supporting Files";
			sourceTree = "<group>";
		};
		9A5ED7C7189245D000BA8E02 /* SoCalTests */ = {
			isa = PBXGroup;
			children = (
				9A5ED7CD189245D000BA8E02 /* SoCalTests.m */,
				9A5ED7C8189245D000BA8E02 /* Supporting Files */,
			);
			path = SoCalTests;
			sourceTree = "<group>";
		};
		9A5ED7C8189245D000BA8E02 /* Supporting Files */ = {
			isa = PBXGroup;
			children = (
				9A5ED7C9189245D000BA8E02 /* SoCalTests-Info.plist */,
				9A5ED7CA189245D000BA8E02 /* InfoPlist.strings */,
			);
			name = "Supporting Files";
			sourceTree = "<group>";
		};
		9A5ED7E618924E3E00BA8E02 /* Externals */ = {
			isa = PBXGroup;
			children = (
				9ACDDA2618A381AD00FF4F5C /* Pusher */,
				9AA365A418A1DC59004C0E86 /* AFNetworking */,
				9A5ED822189253F800BA8E02 /* CKCalendar */,
				9AA365A118A1DC59004C0E86 /* Raydius */,
				9AA365CA18A20918004C0E86 /* UIBAlertView */,
			);
			path = Externals;
			sourceTree = "<group>";
		};
		9A5ED822189253F800BA8E02 /* CKCalendar */ = {
			isa = PBXGroup;
			children = (
				9A5ED823189253F800BA8E02 /* CKCalendarView.h */,
				9A5ED824189253F800BA8E02 /* CKCalendarView.m */,
			);
			path = CKCalendar;
			sourceTree = "<group>";
		};
		9AA365A118A1DC59004C0E86 /* Raydius */ = {
			isa = PBXGroup;
			children = (
				9AA365A218A1DC59004C0E86 /* NetworkAPIClient.h */,
				9AA365A318A1DC59004C0E86 /* NetworkAPIClient.m */,
			);
			path = Raydius;
			sourceTree = "<group>";
		};
		9AA365A418A1DC59004C0E86 /* AFNetworking */ = {
			isa = PBXGroup;
			children = (
				9AA365A518A1DC59004C0E86 /* AFHTTPClient.h */,
				9AA365A618A1DC59004C0E86 /* AFHTTPClient.m */,
				9AA365A718A1DC59004C0E86 /* AFHTTPRequestOperation.h */,
				9AA365A818A1DC59004C0E86 /* AFHTTPRequestOperation.m */,
				9AA365A918A1DC59004C0E86 /* AFImageRequestOperation.h */,
				9AA365AA18A1DC59004C0E86 /* AFImageRequestOperation.m */,
				9AA365AB18A1DC59004C0E86 /* AFJSONRequestOperation.h */,
				9AA365AC18A1DC59004C0E86 /* AFJSONRequestOperation.m */,
				9AA365AD18A1DC59004C0E86 /* AFNetworkActivityIndicatorManager.h */,
				9AA365AE18A1DC59004C0E86 /* AFNetworkActivityIndicatorManager.m */,
				9AA365AF18A1DC59004C0E86 /* AFNetworking.h */,
				9AA365B018A1DC59004C0E86 /* AFPropertyListRequestOperation.h */,
				9AA365B118A1DC59004C0E86 /* AFPropertyListRequestOperation.m */,
				9AA365B218A1DC59004C0E86 /* AFURLConnectionOperation.h */,
				9AA365B318A1DC59004C0E86 /* AFURLConnectionOperation.m */,
				9AA365B418A1DC59004C0E86 /* AFXMLRequestOperation.h */,
				9AA365B518A1DC59004C0E86 /* AFXMLRequestOperation.m */,
				9AA365B618A1DC59004C0E86 /* UIImageView+AFNetworking.h */,
				9AA365B718A1DC59004C0E86 /* UIImageView+AFNetworking.m */,
			);
			path = AFNetworking;
			sourceTree = "<group>";
		};
		9AA365CA18A20918004C0E86 /* UIBAlertView */ = {
			isa = PBXGroup;
			children = (
				9AA365CB18A20918004C0E86 /* UIBAlertView.h */,
				9AA365CC18A20918004C0E86 /* UIBAlertView.m */,
			);
			path = UIBAlertView;
			sourceTree = "<group>";
		};
		9ACDDA2618A381AD00FF4F5C /* Pusher */ = {
			isa = PBXGroup;
			children = (
				9ACDDA2718A381AD00FF4F5C /* libPusher-combined.a */,
				9ACDDA2818A381AD00FF4F5C /* PTEventListener.h */,
				9ACDDA2918A381AD00FF4F5C /* PTJSON.h */,
				9ACDDA2A18A381AD00FF4F5C /* PTJSONParser.h */,
				9ACDDA2B18A381AD00FF4F5C /* PTPusher.h */,
				9ACDDA2C18A381AD00FF4F5C /* PTPusherAPI.h */,
				9ACDDA2D18A381AD00FF4F5C /* PTPusherChannel.h */,
				9ACDDA2E18A381AD00FF4F5C /* PTPusherConnection.h */,
				9ACDDA2F18A381AD00FF4F5C /* PTPusherDelegate.h */,
				9ACDDA3018A381AD00FF4F5C /* PTPusherErrors.h */,
				9ACDDA3118A381AD00FF4F5C /* PTPusherEvent.h */,
				9ACDDA3218A381AD00FF4F5C /* PTPusherEventDispatcher.h */,
				9ACDDA3318A381AD00FF4F5C /* PTPusherEventPublisher.h */,
				9ACDDA3418A381AD00FF4F5C /* PTPusherMacros.h */,
				9ACDDA3518A381AD00FF4F5C /* PTPusherPresenceChannelDelegate.h */,
				9ACDDA3618A381AD00FF4F5C /* SRWebSocket.h */,
			);
			path = Pusher;
			sourceTree = "<group>";
		};
/* End PBXGroup section */

/* Begin PBXNativeTarget section */
		9A5ED7A4189245D000BA8E02 /* SoCal */ = {
			isa = PBXNativeTarget;
			buildConfigurationList = 9A5ED7D1189245D000BA8E02 /* Build configuration list for PBXNativeTarget "SoCal" */;
			buildPhases = (
				9A5ED7A1189245D000BA8E02 /* Sources */,
				9A5ED7A2189245D000BA8E02 /* Frameworks */,
				9A5ED7A3189245D000BA8E02 /* Resources */,
			);
			buildRules = (
			);
			dependencies = (
			);
			name = SoCal;
			productName = SoCal;
			productReference = 9A5ED7A5189245D000BA8E02 /* SoCal.app */;
			productType = "com.apple.product-type.application";
		};
		9A5ED7BF189245D000BA8E02 /* SoCalTests */ = {
			isa = PBXNativeTarget;
			buildConfigurationList = 9A5ED7D4189245D000BA8E02 /* Build configuration list for PBXNativeTarget "SoCalTests" */;
			buildPhases = (
				9A5ED7BC189245D000BA8E02 /* Sources */,
				9A5ED7BD189245D000BA8E02 /* Frameworks */,
				9A5ED7BE189245D000BA8E02 /* Resources */,
			);
			buildRules = (
			);
			dependencies = (
				9A5ED7C6189245D000BA8E02 /* PBXTargetDependency */,
			);
			name = SoCalTests;
			productName = SoCalTests;
			productReference = 9A5ED7C0189245D000BA8E02 /* SoCalTests.xctest */;
			productType = "com.apple.product-type.bundle.unit-test";
		};
/* End PBXNativeTarget section */

/* Begin PBXProject section */
		9A5ED79D189245D000BA8E02 /* Project object */ = {
			isa = PBXProject;
			attributes = {
				LastUpgradeCheck = 0500;
				ORGANIZATIONNAME = HereNow;
				TargetAttributes = {
					9A5ED7BF189245D000BA8E02 = {
						TestTargetID = 9A5ED7A4189245D000BA8E02;
					};
				};
			};
			buildConfigurationList = 9A5ED7A0189245D000BA8E02 /* Build configuration list for PBXProject "SoCal" */;
			compatibilityVersion = "Xcode 3.2";
			developmentRegion = English;
			hasScannedForEncodings = 0;
			knownRegions = (
				en,
			);
			mainGroup = 9A5ED79C189245D000BA8E02;
			productRefGroup = 9A5ED7A6189245D000BA8E02 /* Products */;
			projectDirPath = "";
			projectRoot = "";
			targets = (
				9A5ED7A4189245D000BA8E02 /* SoCal */,
				9A5ED7BF189245D000BA8E02 /* SoCalTests */,
			);
		};
/* End PBXProject section */

/* Begin PBXResourcesBuildPhase section */
		9A5ED7A3189245D000BA8E02 /* Resources */ = {
			isa = PBXResourcesBuildPhase;
			buildActionMask = 2147483647;
			files = (
				9A20BD7818A8D1E100B90101 /* Exo2.0-LightItalic.otf in Resources */,
				9A20BD7A18A8D1E100B90101 /* Exo2.0-Italic.otf in Resources */,
				9A5ED7B3189245D000BA8E02 /* InfoPlist.strings in Resources */,
				9A20BD7B18A8D1E100B90101 /* Exo2.0-ExtraBoldItalic.otf in Resources */,
				9A20BD8018A8D1E100B90101 /* Exo2.0-Bold.otf in Resources */,
				9A5ED7DB189245F900BA8E02 /* MainVC.xib in Resources */,
				9A20BD7F18A8D1E100B90101 /* Exo2.0-BlackItalic.otf in Resources */,
				9A20BD7418A8D1E100B90101 /* Exo2.0-SemiBold.otf in Resources */,
				9A20BD7018A8D1E100B90101 /* Exo2.0-ThinItalic.otf in Resources */,
				9A20BD8118A8D1E100B90101 /* Exo2.0-Black.otf in Resources */,
				9A5ED7E51892476C00BA8E02 /* ComposeVC.xib in Resources */,
				9A20BD7D18A8D1E100B90101 /* Exo2.0-BoldItalic.otf in Resources */,
				9A20BD7918A8D1E100B90101 /* Exo2.0-ExtraLightItalic.otf in Resources */,
				9A20BD7218A8D1E100B90101 /* Exo2.0-Thin.otf in Resources */,
				9A20BD7318A8D1E100B90101 /* Exo2.0-Regular.otf in Resources */,
				9A20BD7718A8D1E100B90101 /* Exo2.0-Light.otf in Resources */,
				9A20BD5B18A89F3E00B90101 /* ListDateTimeCell.xib in Resources */,
				9A20BD7118A8D1E100B90101 /* Exo2.0-SemiBoldItalic.otf in Resources */,
				DCD74AE718AB67E500961BE8 /* ContactCell.xib in Resources */,
				9A152D12189626D30013B647 /* ComposeDateTimeCell.xib in Resources */,
				9A20BD7518A8D1E100B90101 /* Exo2.0-Medium.otf in Resources */,
				9ACDDA1C18A35ECC00FF4F5C /* PostCell.xib in Resources */,
				9A20BD7C18A8D1E100B90101 /* Exo2.0-ExtraLight.otf in Resources */,
				9A20BD5918A89F2E00B90101 /* SummaryDateTimeCell.xib in Resources */,
				9A5ED7BB189245D000BA8E02 /* Images.xcassets in Resources */,
				9A20BD7618A8D1E100B90101 /* Exo2.0-MediumItalic.otf in Resources */,
				9A5ED7E01892471800BA8E02 /* EventVC.xib in Resources */,
				9AF7897318A0DDCC008EA2E5 /* LocationVC.xib in Resources */,
				9AA365D218A20D20004C0E86 /* PlaceSearchCell.xib in Resources */,
				9A20BD7E18A8D1E100B90101 /* Exo2.0-ExtraBold.otf in Resources */,
			);
			runOnlyForDeploymentPostprocessing = 0;
		};
		9A5ED7BE189245D000BA8E02 /* Resources */ = {
			isa = PBXResourcesBuildPhase;
			buildActionMask = 2147483647;
			files = (
				9A5ED7CC189245D000BA8E02 /* InfoPlist.strings in Resources */,
			);
			runOnlyForDeploymentPostprocessing = 0;
		};
/* End PBXResourcesBuildPhase section */

/* Begin PBXSourcesBuildPhase section */
		9A5ED7A1189245D000BA8E02 /* Sources */ = {
			isa = PBXSourcesBuildPhase;
			buildActionMask = 2147483647;
			files = (
				9AA365BB18A1DC59004C0E86 /* AFImageRequestOperation.m in Sources */,
				9AA365BA18A1DC59004C0E86 /* AFHTTPRequestOperation.m in Sources */,
				9A5ED7B9189245D000BA8E02 /* AppDelegate.m in Sources */,
				DC1434C518A4B51D0062AD7A /* RDPieView.m in Sources */,
				9A5ED7DA189245F900BA8E02 /* MainVC.m in Sources */,
				9AA365BF18A1DC59004C0E86 /* AFURLConnectionOperation.m in Sources */,
				9AA365BD18A1DC59004C0E86 /* AFNetworkActivityIndicatorManager.m in Sources */,
				9A20BD5418A89F0200B90101 /* SummaryDateTimeCell.m in Sources */,
				9A5ED825189253F800BA8E02 /* CKCalendarView.m in Sources */,
				9AA365C418A1DCFE004C0E86 /* Environment.m in Sources */,
				9A20BD5718A89F1700B90101 /* ListDateTimeCell.m in Sources */,
				9AF7897218A0DDCC008EA2E5 /* LocationVC.m in Sources */,
				DCD74AEA18AB680500961BE8 /* ContactCell.m in Sources */,
				9AA365BE18A1DC59004C0E86 /* AFPropertyListRequestOperation.m in Sources */,
				9AF7896E18A086AA008EA2E5 /* RDLabeledTextView.m in Sources */,
				9ACDDA1A18A35EBB00FF4F5C /* PostCell.m in Sources */,
				9AA365C018A1DC59004C0E86 /* AFXMLRequestOperation.m in Sources */,
				9AA365C118A1DC59004C0E86 /* UIImageView+AFNetworking.m in Sources */,
				9AA365B818A1DC59004C0E86 /* NetworkAPIClient.m in Sources */,
				9AA365CD18A20918004C0E86 /* UIBAlertView.m in Sources */,
				9AA365BC18A1DC59004C0E86 /* AFJSONRequestOperation.m in Sources */,
				9A152D10189626B40013B647 /* ComposeDateTimeCell.m in Sources */,
				9A5ED7B5189245D000BA8E02 /* main.m in Sources */,
				9A5ED82118924FFB00BA8E02 /* Helpers.m in Sources */,
				9A5ED7DF1892471800BA8E02 /* EventVC.m in Sources */,
				9A5ED7E41892476C00BA8E02 /* ComposeVC.m in Sources */,
				9AA365D018A20D06004C0E86 /* PlaceSearchCell.m in Sources */,
				9AA365B918A1DC59004C0E86 /* AFHTTPClient.m in Sources */,
			);
			runOnlyForDeploymentPostprocessing = 0;
		};
		9A5ED7BC189245D000BA8E02 /* Sources */ = {
			isa = PBXSourcesBuildPhase;
			buildActionMask = 2147483647;
			files = (
				9A5ED7CE189245D000BA8E02 /* SoCalTests.m in Sources */,
			);
			runOnlyForDeploymentPostprocessing = 0;
		};
/* End PBXSourcesBuildPhase section */

/* Begin PBXTargetDependency section */
		9A5ED7C6189245D000BA8E02 /* PBXTargetDependency */ = {
			isa = PBXTargetDependency;
			target = 9A5ED7A4189245D000BA8E02 /* SoCal */;
			targetProxy = 9A5ED7C5189245D000BA8E02 /* PBXContainerItemProxy */;
		};
/* End PBXTargetDependency section */

/* Begin PBXVariantGroup section */
		9A5ED7B1189245D000BA8E02 /* InfoPlist.strings */ = {
			isa = PBXVariantGroup;
			children = (
				9A5ED7B2189245D000BA8E02 /* en */,
			);
			name = InfoPlist.strings;
			sourceTree = "<group>";
		};
		9A5ED7CA189245D000BA8E02 /* InfoPlist.strings */ = {
			isa = PBXVariantGroup;
			children = (
				9A5ED7CB189245D000BA8E02 /* en */,
			);
			name = InfoPlist.strings;
			sourceTree = "<group>";
		};
/* End PBXVariantGroup section */

/* Begin XCBuildConfiguration section */
		9A5ED7CF189245D000BA8E02 /* Debug */ = {
			isa = XCBuildConfiguration;
			buildSettings = {
				ALWAYS_SEARCH_USER_PATHS = NO;
				ARCHS = "$(ARCHS_STANDARD)";
				CLANG_CXX_LANGUAGE_STANDARD = "gnu++0x";
				CLANG_CXX_LIBRARY = "libc++";
				CLANG_ENABLE_MODULES = YES;
				CLANG_ENABLE_OBJC_ARC = YES;
				CLANG_WARN_BOOL_CONVERSION = YES;
				CLANG_WARN_CONSTANT_CONVERSION = YES;
				CLANG_WARN_DIRECT_OBJC_ISA_USAGE = YES_ERROR;
				CLANG_WARN_EMPTY_BODY = YES;
				CLANG_WARN_ENUM_CONVERSION = YES;
				CLANG_WARN_INT_CONVERSION = YES;
				CLANG_WARN_OBJC_ROOT_CLASS = YES_ERROR;
				CLANG_WARN__DUPLICATE_METHOD_MATCH = YES;
				"CODE_SIGN_IDENTITY[sdk=iphoneos*]" = "iPhone Developer";
				COPY_PHASE_STRIP = NO;
				GCC_C_LANGUAGE_STANDARD = gnu99;
				GCC_DYNAMIC_NO_PIC = NO;
				GCC_OPTIMIZATION_LEVEL = 0;
				GCC_PREPROCESSOR_DEFINITIONS = (
					"DEBUG=1",
					"$(inherited)",
				);
				GCC_SYMBOLS_PRIVATE_EXTERN = NO;
				GCC_WARN_64_TO_32_BIT_CONVERSION = YES;
				GCC_WARN_ABOUT_RETURN_TYPE = YES_ERROR;
				GCC_WARN_UNDECLARED_SELECTOR = YES;
				GCC_WARN_UNINITIALIZED_AUTOS = YES;
				GCC_WARN_UNUSED_FUNCTION = YES;
				GCC_WARN_UNUSED_VARIABLE = YES;
				IPHONEOS_DEPLOYMENT_TARGET = 7.0;
				ONLY_ACTIVE_ARCH = YES;
				SDKROOT = iphoneos;
			};
			name = Debug;
		};
		9A5ED7D0189245D000BA8E02 /* Release */ = {
			isa = XCBuildConfiguration;
			buildSettings = {
				ALWAYS_SEARCH_USER_PATHS = NO;
				ARCHS = "$(ARCHS_STANDARD)";
				CLANG_CXX_LANGUAGE_STANDARD = "gnu++0x";
				CLANG_CXX_LIBRARY = "libc++";
				CLANG_ENABLE_MODULES = YES;
				CLANG_ENABLE_OBJC_ARC = YES;
				CLANG_WARN_BOOL_CONVERSION = YES;
				CLANG_WARN_CONSTANT_CONVERSION = YES;
				CLANG_WARN_DIRECT_OBJC_ISA_USAGE = YES_ERROR;
				CLANG_WARN_EMPTY_BODY = YES;
				CLANG_WARN_ENUM_CONVERSION = YES;
				CLANG_WARN_INT_CONVERSION = YES;
				CLANG_WARN_OBJC_ROOT_CLASS = YES_ERROR;
				CLANG_WARN__DUPLICATE_METHOD_MATCH = YES;
				"CODE_SIGN_IDENTITY[sdk=iphoneos*]" = "iPhone Developer";
				COPY_PHASE_STRIP = YES;
				ENABLE_NS_ASSERTIONS = NO;
				GCC_C_LANGUAGE_STANDARD = gnu99;
				GCC_WARN_64_TO_32_BIT_CONVERSION = YES;
				GCC_WARN_ABOUT_RETURN_TYPE = YES_ERROR;
				GCC_WARN_UNDECLARED_SELECTOR = YES;
				GCC_WARN_UNINITIALIZED_AUTOS = YES;
				GCC_WARN_UNUSED_FUNCTION = YES;
				GCC_WARN_UNUSED_VARIABLE = YES;
				IPHONEOS_DEPLOYMENT_TARGET = 7.0;
				SDKROOT = iphoneos;
				VALIDATE_PRODUCT = YES;
			};
			name = Release;
		};
		9A5ED7D2189245D000BA8E02 /* Debug */ = {
			isa = XCBuildConfiguration;
			buildSettings = {
				ASSETCATALOG_COMPILER_APPICON_NAME = AppIcon;
				ASSETCATALOG_COMPILER_LAUNCHIMAGE_NAME = LaunchImage;
				GCC_PRECOMPILE_PREFIX_HEADER = YES;
				GCC_PREFIX_HEADER = "SoCal/SoCal-Prefix.pch";
				INFOPLIST_FILE = "SoCal/SoCal-Info.plist";
				LIBRARY_SEARCH_PATHS = (
					"$(inherited)",
					"./Externals/Pusher/**",
				);
				OTHER_LDFLAGS = "-all_load";
				PRODUCT_NAME = "$(TARGET_NAME)";
				PROVISIONING_PROFILE = "9FE9F863-E5CA-4759-B459-82278EBA32B0";
				WRAPPER_EXTENSION = app;
			};
			name = Debug;
		};
		9A5ED7D3189245D000BA8E02 /* Release */ = {
			isa = XCBuildConfiguration;
			buildSettings = {
				ASSETCATALOG_COMPILER_APPICON_NAME = AppIcon;
				ASSETCATALOG_COMPILER_LAUNCHIMAGE_NAME = LaunchImage;
				CODE_SIGN_IDENTITY = "iPhone Distribution: HereNow Pte. Ltd. (ZJN6979MJ3)";
				GCC_PRECOMPILE_PREFIX_HEADER = YES;
				GCC_PREFIX_HEADER = "SoCal/SoCal-Prefix.pch";
				INFOPLIST_FILE = "SoCal/SoCal-Info.plist";
				LIBRARY_SEARCH_PATHS = (
					"$(inherited)",
					"./Externals/Pusher/**",
				);
				OTHER_LDFLAGS = "-all_load";
				PRODUCT_NAME = "$(TARGET_NAME)";
				PROVISIONING_PROFILE = "9FE9F863-E5CA-4759-B459-82278EBA32B0";
				WRAPPER_EXTENSION = app;
			};
			name = Release;
		};
		9A5ED7D5189245D000BA8E02 /* Debug */ = {
			isa = XCBuildConfiguration;
			buildSettings = {
				ARCHS = "$(ARCHS_STANDARD_INCLUDING_64_BIT)";
				BUNDLE_LOADER = "$(BUILT_PRODUCTS_DIR)/SoCal.app/SoCal";
				FRAMEWORK_SEARCH_PATHS = (
					"$(SDKROOT)/Developer/Library/Frameworks",
					"$(inherited)",
					"$(DEVELOPER_FRAMEWORKS_DIR)",
				);
				GCC_PRECOMPILE_PREFIX_HEADER = YES;
				GCC_PREFIX_HEADER = "SoCal/SoCal-Prefix.pch";
				GCC_PREPROCESSOR_DEFINITIONS = (
					"DEBUG=1",
					"$(inherited)",
				);
				INFOPLIST_FILE = "SoCalTests/SoCalTests-Info.plist";
				PRODUCT_NAME = "$(TARGET_NAME)";
				TEST_HOST = "$(BUNDLE_LOADER)";
				WRAPPER_EXTENSION = xctest;
			};
			name = Debug;
		};
		9A5ED7D6189245D000BA8E02 /* Release */ = {
			isa = XCBuildConfiguration;
			buildSettings = {
				ARCHS = "$(ARCHS_STANDARD_INCLUDING_64_BIT)";
				BUNDLE_LOADER = "$(BUILT_PRODUCTS_DIR)/SoCal.app/SoCal";
				FRAMEWORK_SEARCH_PATHS = (
					"$(SDKROOT)/Developer/Library/Frameworks",
					"$(inherited)",
					"$(DEVELOPER_FRAMEWORKS_DIR)",
				);
				GCC_PRECOMPILE_PREFIX_HEADER = YES;
				GCC_PREFIX_HEADER = "SoCal/SoCal-Prefix.pch";
				INFOPLIST_FILE = "SoCalTests/SoCalTests-Info.plist";
				PRODUCT_NAME = "$(TARGET_NAME)";
				TEST_HOST = "$(BUNDLE_LOADER)";
				WRAPPER_EXTENSION = xctest;
			};
			name = Release;
		};
/* End XCBuildConfiguration section */

/* Begin XCConfigurationList section */
		9A5ED7A0189245D000BA8E02 /* Build configuration list for PBXProject "SoCal" */ = {
			isa = XCConfigurationList;
			buildConfigurations = (
				9A5ED7CF189245D000BA8E02 /* Debug */,
				9A5ED7D0189245D000BA8E02 /* Release */,
			);
			defaultConfigurationIsVisible = 0;
			defaultConfigurationName = Release;
		};
		9A5ED7D1189245D000BA8E02 /* Build configuration list for PBXNativeTarget "SoCal" */ = {
			isa = XCConfigurationList;
			buildConfigurations = (
				9A5ED7D2189245D000BA8E02 /* Debug */,
				9A5ED7D3189245D000BA8E02 /* Release */,
			);
			defaultConfigurationIsVisible = 0;
			defaultConfigurationName = Release;
		};
		9A5ED7D4189245D000BA8E02 /* Build configuration list for PBXNativeTarget "SoCalTests" */ = {
			isa = XCConfigurationList;
			buildConfigurations = (
				9A5ED7D5189245D000BA8E02 /* Debug */,
				9A5ED7D6189245D000BA8E02 /* Release */,
			);
			defaultConfigurationIsVisible = 0;
			defaultConfigurationName = Release;
		};
/* End XCConfigurationList section */
	};
	rootObject = 9A5ED79D189245D000BA8E02 /* Project object */;
}
